
Microsoft Visual Studio Solution File, Format Version 12.00
# Visual Studio 2013
VisualStudioVersion = 12.0.40629.0
MinimumVisualStudioVersion = 10.0.40219.1
Project("{FAE04EC0-301F-11D3-BF4B-00C04F79EFBC}") = "LogsCollections.EC", "LogsCollections.EC\LogsCollections.EC.csproj", "{EDD2C3FD-4BE5-488C-A543-46B5FD767FF4}"
EndProject
Project("{FAE04EC0-301F-11D3-BF4B-00C04F79EFBC}") = "WPFUI", "WPFUI\WPFUI\WPFUI.csproj", "{BE0A599E-75F3-4F61-8488-4A67E791FEC9}"
EndProject
Project("{2150E333-8FDC-42A3-9474-1A3956D46DE8}") = "Demo", "Demo", "{B2610377-D9B5-4F2E-85BD-324DB1D4E26A}"
EndProject
Project("{FAE04EC0-301F-11D3-BF4B-00C04F79EFBC}") = "WPFDataTemple", "WPFDataTemple\WPFDataTemple.csproj", "{17962E56-BB58-40FC-8EC2-7F6E56577801}"
EndProject
Project("{FAE04EC0-301F-11D3-BF4B-00C04F79EFBC}") = "WPFHierarchicalDataTemplate", "WPFHierarchicalDataTemplate\WPFHierarchicalDataTemplate.csproj", "{9E14BD66-30A0-4387-9E27-E587561DEC4A}"
EndProject
Project("{FAE04EC0-301F-11D3-BF4B-00C04F79EFBC}") = "WPFDataBinding", "WPFDataBinding\WPFDataBinding.csproj", "{ED26D47B-CDFE-4784-B8C0-69963174BEAC}"
EndProject
Project("{FAE04EC0-301F-11D3-BF4B-00C04F79EFBC}") = "WPFDotNetObjectBindingControl", "WPFDotNetObjectBindingControl\WPFDotNetObjectBindingControl.csproj", "{AD386EF6-7921-4E70-96EE-15DCDACAEC2A}"
EndProject
Project("{FAE04EC0-301F-11D3-BF4B-00C04F79EFBC}") = "DotMethodbindingControl", "DotMethodbindingControl\DotMethodbindingControl.csproj", "{9B47D481-79D8-4C32-908E-5A692D0FF143}"
EndProject
Project("{FAE04EC0-301F-11D3-BF4B-00C04F79EFBC}") = "WPFXaml", "WPFXaml\WPFXaml.csproj", "{3799CC7F-F1F1-45A2-8171-9D144372EB93}"
EndProject
Project("{FAE04EC0-301F-11D3-BF4B-00C04F79EFBC}") = "WPFStyle", "WPFStyle\WPFStyle.csproj", "{646A0E95-A159-4062-AD17-BABC2323908B}"
EndProject
Project("{FAE04EC0-301F-11D3-BF4B-00C04F79EFBC}") = "WPFControl", "WPFControl\WPFControl.csproj", "{F89E0F82-B444-4680-A363-3405F9A78DFF}"
EndProject
Project("{FAE04EC0-301F-11D3-BF4B-00C04F79EFBC}") = "WPFBrush", "WPFBrush\WPFBrush.csproj", "{336F02EA-6B30-44F3-8E42-A041A9D75BE8}"
EndProject
Project("{FAE04EC0-301F-11D3-BF4B-00C04F79EFBC}") = "WPFSomthingLeft", "WPFSomthingLeft\WPFSomthingLeft.csproj", "{B72EC5C9-A9EE-41E2-8164-60E91694B56C}"
EndProject
Project("{FAE04EC0-301F-11D3-BF4B-00C04F79EFBC}") = "WPFProcessBar", "WPFProcessBar\WPFProcessBar.csproj", "{3A51460C-EEC5-49B9-9439-BBEA09F06B2D}"
EndProject
Global
	GlobalSection(SolutionConfigurationPlatforms) = preSolution
		Debug|Any CPU = Debug|Any CPU
		Release|Any CPU = Release|Any CPU
	EndGlobalSection
	GlobalSection(ProjectConfigurationPlatforms) = postSolution
		{EDD2C3FD-4BE5-488C-A543-46B5FD767FF4}.Debug|Any CPU.ActiveCfg = Debug|Any CPU
		{EDD2C3FD-4BE5-488C-A543-46B5FD767FF4}.Debug|Any CPU.Build.0 = Debug|Any CPU
		{EDD2C3FD-4BE5-488C-A543-46B5FD767FF4}.Release|Any CPU.ActiveCfg = Release|Any CPU
		{EDD2C3FD-4BE5-488C-A543-46B5FD767FF4}.Release|Any CPU.Build.0 = Release|Any CPU
		{BE0A599E-75F3-4F61-8488-4A67E791FEC9}.Debug|Any CPU.ActiveCfg = Debug|Any CPU
		{BE0A599E-75F3-4F61-8488-4A67E791FEC9}.Debug|Any CPU.Build.0 = Debug|Any CPU
		{BE0A599E-75F3-4F61-8488-4A67E791FEC9}.Release|Any CPU.ActiveCfg = Release|Any CPU
		{BE0A599E-75F3-4F61-8488-4A67E791FEC9}.Release|Any CPU.Build.0 = Release|Any CPU
		{17962E56-BB58-40FC-8EC2-7F6E56577801}.Debug|Any CPU.ActiveCfg = Debug|Any CPU
		{17962E56-BB58-40FC-8EC2-7F6E56577801}.Debug|Any CPU.Build.0 = Debug|Any CPU
		{17962E56-BB58-40FC-8EC2-7F6E56577801}.Release|Any CPU.ActiveCfg = Release|Any CPU
		{17962E56-BB58-40FC-8EC2-7F6E56577801}.Release|Any CPU.Build.0 = Release|Any CPU
		{9E14BD66-30A0-4387-9E27-E587561DEC4A}.Debug|Any CPU.ActiveCfg = Debug|Any CPU
		{9E14BD66-30A0-4387-9E27-E587561DEC4A}.Debug|Any CPU.Build.0 = Debug|Any CPU
		{9E14BD66-30A0-4387-9E27-E587561DEC4A}.Release|Any CPU.ActiveCfg = Release|Any CPU
		{9E14BD66-30A0-4387-9E27-E587561DEC4A}.Release|Any CPU.Build.0 = Release|Any CPU
		{ED26D47B-CDFE-4784-B8C0-69963174BEAC}.Debug|Any CPU.ActiveCfg = Debug|Any CPU
		{ED26D47B-CDFE-4784-B8C0-69963174BEAC}.Debug|Any CPU.Build.0 = Debug|Any CPU
		{ED26D47B-CDFE-4784-B8C0-69963174BEAC}.Release|Any CPU.ActiveCfg = Release|Any CPU
		{ED26D47B-CDFE-4784-B8C0-69963174BEAC}.Release|Any CPU.Build.0 = Release|Any CPU
		{AD386EF6-7921-4E70-96EE-15DCDACAEC2A}.Debug|Any CPU.ActiveCfg = Debug|Any CPU
		{AD386EF6-7921-4E70-96EE-15DCDACAEC2A}.Debug|Any CPU.Build.0 = Debug|Any CPU
		{AD386EF6-7921-4E70-96EE-15DCDACAEC2A}.Release|Any CPU.ActiveCfg = Release|Any CPU
		{AD386EF6-7921-4E70-96EE-15DCDACAEC2A}.Release|Any CPU.Build.0 = Release|Any CPU
		{9B47D481-79D8-4C32-908E-5A692D0FF143}.Debug|Any CPU.ActiveCfg = Debug|Any CPU
		{9B47D481-79D8-4C32-908E-5A692D0FF143}.Debug|Any CPU.Build.0 = Debug|Any CPU
		{9B47D481-79D8-4C32-908E-5A692D0FF143}.Release|Any CPU.ActiveCfg = Release|Any CPU
		{9B47D481-79D8-4C32-908E-5A692D0FF143}.Release|Any CPU.Build.0 = Release|Any CPU
		{3799CC7F-F1F1-45A2-8171-9D144372EB93}.Debug|Any CPU.ActiveCfg = Debug|Any CPU
		{3799CC7F-F1F1-45A2-8171-9D144372EB93}.Debug|Any CPU.Build.0 = Debug|Any CPU
		{3799CC7F-F1F1-45A2-8171-9D144372EB93}.Release|Any CPU.ActiveCfg = Release|Any CPU
		{3799CC7F-F1F1-45A2-8171-9D144372EB93}.Release|Any CPU.Build.0 = Release|Any CPU
		{646A0E95-A159-4062-AD17-BABC2323908B}.Debug|Any CPU.ActiveCfg = Debug|Any CPU
		{646A0E95-A159-4062-AD17-BABC2323908B}.Debug|Any CPU.Build.0 = Debug|Any CPU
		{646A0E95-A159-4062-AD17-BABC2323908B}.Release|Any CPU.ActiveCfg = Release|Any CPU
		{646A0E95-A159-4062-AD17-BABC2323908B}.Release|Any CPU.Build.0 = Release|Any CPU
		{F89E0F82-B444-4680-A363-3405F9A78DFF}.Debug|Any CPU.ActiveCfg = Debug|Any CPU
		{F89E0F82-B444-4680-A363-3405F9A78DFF}.Debug|Any CPU.Build.0 = Debug|Any CPU
		{F89E0F82-B444-4680-A363-3405F9A78DFF}.Release|Any CPU.ActiveCfg = Release|Any CPU
		{F89E0F82-B444-4680-A363-3405F9A78DFF}.Release|Any CPU.Build.0 = Release|Any CPU
		{336F02EA-6B30-44F3-8E42-A041A9D75BE8}.Debug|Any CPU.ActiveCfg = Debug|Any CPU
		{336F02EA-6B30-44F3-8E42-A041A9D75BE8}.Debug|Any CPU.Build.0 = Debug|Any CPU
		{336F02EA-6B30-44F3-8E42-A041A9D75BE8}.Release|Any CPU.ActiveCfg = Release|Any CPU
		{336F02EA-6B30-44F3-8E42-A041A9D75BE8}.Release|Any CPU.Build.0 = Release|Any CPU
		{B72EC5C9-A9EE-41E2-8164-60E91694B56C}.Debug|Any CPU.ActiveCfg = Debug|Any CPU
		{B72EC5C9-A9EE-41E2-8164-60E91694B56C}.Debug|Any CPU.Build.0 = Debug|Any CPU
		{B72EC5C9-A9EE-41E2-8164-60E91694B56C}.Release|Any CPU.ActiveCfg = Release|Any CPU
		{B72EC5C9-A9EE-41E2-8164-60E91694B56C}.Release|Any CPU.Build.0 = Release|Any CPU
		{3A51460C-EEC5-49B9-9439-BBEA09F06B2D}.Debug|Any CPU.ActiveCfg = Debug|Any CPU
		{3A51460C-EEC5-49B9-9439-BBEA09F06B2D}.Debug|Any CPU.Build.0 = Debug|Any CPU
		{3A51460C-EEC5-49B9-9439-BBEA09F06B2D}.Release|Any CPU.ActiveCfg = Release|Any CPU
		{3A51460C-EEC5-49B9-9439-BBEA09F06B2D}.Release|Any CPU.Build.0 = Release|Any CPU
	EndGlobalSection
	GlobalSection(SolutionProperties) = preSolution
		HideSolutionNode = FALSE
	EndGlobalSection
	GlobalSection(NestedProjects) = preSolution
		{BE0A599E-75F3-4F61-8488-4A67E791FEC9} = {B2610377-D9B5-4F2E-85BD-324DB1D4E26A}
		{17962E56-BB58-40FC-8EC2-7F6E56577801} = {B2610377-D9B5-4F2E-85BD-324DB1D4E26A}
		{9E14BD66-30A0-4387-9E27-E587561DEC4A} = {B2610377-D9B5-4F2E-85BD-324DB1D4E26A}
		{ED26D47B-CDFE-4784-B8C0-69963174BEAC} = {B2610377-D9B5-4F2E-85BD-324DB1D4E26A}
		{AD386EF6-7921-4E70-96EE-15DCDACAEC2A} = {B2610377-D9B5-4F2E-85BD-324DB1D4E26A}
		{9B47D481-79D8-4C32-908E-5A692D0FF143} = {B2610377-D9B5-4F2E-85BD-324DB1D4E26A}
		{3799CC7F-F1F1-45A2-8171-9D144372EB93} = {B2610377-D9B5-4F2E-85BD-324DB1D4E26A}
		{646A0E95-A159-4062-AD17-BABC2323908B} = {B2610377-D9B5-4F2E-85BD-324DB1D4E26A}
		{F89E0F82-B444-4680-A363-3405F9A78DFF} = {B2610377-D9B5-4F2E-85BD-324DB1D4E26A}
		{336F02EA-6B30-44F3-8E42-A041A9D75BE8} = {B2610377-D9B5-4F2E-85BD-324DB1D4E26A}
		{B72EC5C9-A9EE-41E2-8164-60E91694B56C} = {B2610377-D9B5-4F2E-85BD-324DB1D4E26A}
		{3A51460C-EEC5-49B9-9439-BBEA09F06B2D} = {B2610377-D9B5-4F2E-85BD-324DB1D4E26A}
	EndGlobalSection
EndGlobal
